
Microsoft Visual Studio Solution File, Format Version 12.00
# Visual Studio Version 16
VisualStudioVersion = 16.0.28803.156
MinimumVisualStudioVersion = 10.0.40219.1
Project("{9A19103F-16F7-4668-BE54-9A1E7A4F7556}") = "ICollection_인터페이스", "ICollection\ICollection_인터페이스.csproj", "{550F3E9E-6CDC-4F9E-865E-004023945953}"
EndProject
Project("{9A19103F-16F7-4668-BE54-9A1E7A4F7556}") = "IList_인터페이스", "IList_인터페이스\IList_인터페이스.csproj", "{532F757A-47E7-403F-9AF7-2B6DAC443C0A}"
EndProject
Project("{9A19103F-16F7-4668-BE54-9A1E7A4F7556}") = "IDictionary_인터페이스", "IDictionary_인터페이스\IDictionary_인터페이스.csproj", "{5DCBCE65-55F8-46C9-93CC-3F58F1C31493}"
EndProject
Project("{9A19103F-16F7-4668-BE54-9A1E7A4F7556}") = "대리자", "대리자\대리자.csproj", "{AEC6DB3E-1119-46C8-99DA-4303EA52C021}"
EndProject
Project("{FAE04EC0-301F-11D3-BF4B-00C04F79EFBC}") = "대리자2", "대리자2\대리자2.csproj", "{18A11A48-FC98-4345-9EA9-C600DCB419BE}"
EndProject
Project("{FAE04EC0-301F-11D3-BF4B-00C04F79EFBC}") = "Delegate_Event", "Delegate_Event\Delegate_Event.csproj", "{EF8B9303-98C2-4303-8EAC-31D587E7B282}"
EndProject
Project("{9A19103F-16F7-4668-BE54-9A1E7A4F7556}") = "AddMemberEventTest", "AddMemberEventTest\AddMemberEventTest.csproj", "{70EFE4FA-A71D-41FE-8FE8-28B927E5A631}"
EndProject
Project("{9A19103F-16F7-4668-BE54-9A1E7A4F7556}") = "DependencyAssociation", "DependencyAssociation\DependencyAssociation.csproj", "{744B1AEA-CF47-4B69-BE2E-80989B08DBC0}"
EndProject
Project("{FAE04EC0-301F-11D3-BF4B-00C04F79EFBC}") = "IComparable_IComparer", "IComparable_IComparer\IComparable_IComparer.csproj", "{5ACE91E5-7CDE-4C2E-B083-BFA03A0BAF7F}"
EndProject
Global
	GlobalSection(SolutionConfigurationPlatforms) = preSolution
		Debug|Any CPU = Debug|Any CPU
		Release|Any CPU = Release|Any CPU
	EndGlobalSection
	GlobalSection(ProjectConfigurationPlatforms) = postSolution
		{550F3E9E-6CDC-4F9E-865E-004023945953}.Debug|Any CPU.ActiveCfg = Debug|Any CPU
		{550F3E9E-6CDC-4F9E-865E-004023945953}.Debug|Any CPU.Build.0 = Debug|Any CPU
		{550F3E9E-6CDC-4F9E-865E-004023945953}.Release|Any CPU.ActiveCfg = Release|Any CPU
		{550F3E9E-6CDC-4F9E-865E-004023945953}.Release|Any CPU.Build.0 = Release|Any CPU
		{532F757A-47E7-403F-9AF7-2B6DAC443C0A}.Debug|Any CPU.ActiveCfg = Debug|Any CPU
		{532F757A-47E7-403F-9AF7-2B6DAC443C0A}.Debug|Any CPU.Build.0 = Debug|Any CPU
		{532F757A-47E7-403F-9AF7-2B6DAC443C0A}.Release|Any CPU.ActiveCfg = Release|Any CPU
		{532F757A-47E7-403F-9AF7-2B6DAC443C0A}.Release|Any CPU.Build.0 = Release|Any CPU
		{5DCBCE65-55F8-46C9-93CC-3F58F1C31493}.Debug|Any CPU.ActiveCfg = Debug|Any CPU
		{5DCBCE65-55F8-46C9-93CC-3F58F1C31493}.Debug|Any CPU.Build.0 = Debug|Any CPU
		{5DCBCE65-55F8-46C9-93CC-3F58F1C31493}.Release|Any CPU.ActiveCfg = Release|Any CPU
		{5DCBCE65-55F8-46C9-93CC-3F58F1C31493}.Release|Any CPU.Build.0 = Release|Any CPU
		{AEC6DB3E-1119-46C8-99DA-4303EA52C021}.Debug|Any CPU.ActiveCfg = Debug|Any CPU
		{AEC6DB3E-1119-46C8-99DA-4303EA52C021}.Debug|Any CPU.Build.0 = Debug|Any CPU
		{AEC6DB3E-1119-46C8-99DA-4303EA52C021}.Release|Any CPU.ActiveCfg = Release|Any CPU
		{AEC6DB3E-1119-46C8-99DA-4303EA52C021}.Release|Any CPU.Build.0 = Release|Any CPU
		{18A11A48-FC98-4345-9EA9-C600DCB419BE}.Debug|Any CPU.ActiveCfg = Debug|Any CPU
		{18A11A48-FC98-4345-9EA9-C600DCB419BE}.Debug|Any CPU.Build.0 = Debug|Any CPU
		{18A11A48-FC98-4345-9EA9-C600DCB419BE}.Release|Any CPU.ActiveCfg = Release|Any CPU
		{18A11A48-FC98-4345-9EA9-C600DCB419BE}.Release|Any CPU.Build.0 = Release|Any CPU
		{EF8B9303-98C2-4303-8EAC-31D587E7B282}.Debug|Any CPU.ActiveCfg = Debug|Any CPU
		{EF8B9303-98C2-4303-8EAC-31D587E7B282}.Debug|Any CPU.Build.0 = Debug|Any CPU
		{EF8B9303-98C2-4303-8EAC-31D587E7B282}.Release|Any CPU.ActiveCfg = Release|Any CPU
		{EF8B9303-98C2-4303-8EAC-31D587E7B282}.Release|Any CPU.Build.0 = Release|Any CPU
		{70EFE4FA-A71D-41FE-8FE8-28B927E5A631}.Debug|Any CPU.ActiveCfg = Debug|Any CPU
		{70EFE4FA-A71D-41FE-8FE8-28B927E5A631}.Debug|Any CPU.Build.0 = Debug|Any CPU
		{70EFE4FA-A71D-41FE-8FE8-28B927E5A631}.Release|Any CPU.ActiveCfg = Release|Any CPU
		{70EFE4FA-A71D-41FE-8FE8-28B927E5A631}.Release|Any CPU.Build.0 = Release|Any CPU
		{744B1AEA-CF47-4B69-BE2E-80989B08DBC0}.Debug|Any CPU.ActiveCfg = Debug|Any CPU
		{744B1AEA-CF47-4B69-BE2E-80989B08DBC0}.Debug|Any CPU.Build.0 = Debug|Any CPU
		{744B1AEA-CF47-4B69-BE2E-80989B08DBC0}.Release|Any CPU.ActiveCfg = Release|Any CPU
		{744B1AEA-CF47-4B69-BE2E-80989B08DBC0}.Release|Any CPU.Build.0 = Release|Any CPU
		{5ACE91E5-7CDE-4C2E-B083-BFA03A0BAF7F}.Debug|Any CPU.ActiveCfg = Debug|Any CPU
		{5ACE91E5-7CDE-4C2E-B083-BFA03A0BAF7F}.Debug|Any CPU.Build.0 = Debug|Any CPU
		{5ACE91E5-7CDE-4C2E-B083-BFA03A0BAF7F}.Release|Any CPU.ActiveCfg = Release|Any CPU
		{5ACE91E5-7CDE-4C2E-B083-BFA03A0BAF7F}.Release|Any CPU.Build.0 = Release|Any CPU
	EndGlobalSection
	GlobalSection(SolutionProperties) = preSolution
		HideSolutionNode = FALSE
	EndGlobalSection
	GlobalSection(ExtensibilityGlobals) = postSolution
		SolutionGuid = {24746BB4-5C64-403B-92FB-E549E9F61583}
	EndGlobalSection
EndGlobal
